
Microsoft Visual Studio Solution File, Format Version 12.00
# Visual Studio Version 17
VisualStudioVersion = 17.12.35707.178
MinimumVisualStudioVersion = 10.0.40219.1
Project("{FAE04EC0-301F-11D3-BF4B-00C04F79EFBC}") = "ClinicService.DAL", "ClinicService.DAL\ClinicService.DAL.csproj", "{F59D13F2-B445-4A10-8D77-5B83240C4E17}"
EndProject
Project("{FAE04EC0-301F-11D3-BF4B-00C04F79EFBC}") = "ClinicService.BLL", "ClinicService.BLL\ClinicService.BLL.csproj", "{8397001E-19BB-4E2C-8934-0414C543DCFD}"
EndProject
Project("{FAE04EC0-301F-11D3-BF4B-00C04F79EFBC}") = "ClinicService.API", "ClinicService.API\ClinicService.API.csproj", "{51BFA906-72F2-465F-BF8C-9DA314080994}"
EndProject
Project("{FAE04EC0-301F-11D3-BF4B-00C04F79EFBC}") = "ClinicService.Test", "ClinicService.Test\ClinicService.Test.csproj", "{FE121AE6-680F-4C07-AEF6-2204924AEE2E}"
EndProject
Project("{FAE04EC0-301F-11D3-BF4B-00C04F79EFBC}") = "NotificationService.API", "NotificationService\NotificationService.API\NotificationService.API.csproj", "{20DD9C30-436E-4E8B-80FA-052D1D9C911C}"
EndProject
Project("{2150E333-8FDC-42A3-9474-1A3956D46DE8}") = "NotificationService", "NotificationService", "{2C25DBB6-4925-4599-93DF-9F841885DDFA}"
EndProject
Project("{2150E333-8FDC-42A3-9474-1A3956D46DE8}") = "Tests", "Tests", "{B6100F0B-A70F-4965-82C4-8DDDB5172052}"
EndProject
Project("{FAE04EC0-301F-11D3-BF4B-00C04F79EFBC}") = "NotificationService.DAL", "NotificationService\NotificationService.DAL\NotificationService.DAL.csproj", "{0F6610E1-E4B4-4187-B86C-DE19780B5BD4}"
EndProject
Project("{FAE04EC0-301F-11D3-BF4B-00C04F79EFBC}") = "NotificationService.BLL", "NotificationService\NotificationService.BLL\NotificationService.BLL.csproj", "{D7DB54CD-1295-4FF4-9673-E08DBA606167}"
EndProject
Project("{FAE04EC0-301F-11D3-BF4B-00C04F79EFBC}") = "Clinic.Domain", "Clinic.Domain\Clinic.Domain.csproj", "{42E0FD09-9800-4727-8DBA-778C8A64A955}"
EndProject
Project("{2150E333-8FDC-42A3-9474-1A3956D46DE8}") = "AuthenticationService", "AuthenticationService", "{2A0FA5A0-2024-45B9-BC9C-34431911E208}"
EndProject
Project("{FAE04EC0-301F-11D3-BF4B-00C04F79EFBC}") = "AuthenticationService.API", "AuthenticationService.API\AuthenticationService.API.csproj", "{0E1953C3-A281-4354-8BA5-BD38810DE002}"
EndProject
Project("{FAE04EC0-301F-11D3-BF4B-00C04F79EFBC}") = "AuthenticationService.BLL", "AuthenticationService.BLL\AuthenticationService.BLL.csproj", "{CF8BBBAD-C619-4E15-B8AE-11C523022087}"
EndProject
Project("{FAE04EC0-301F-11D3-BF4B-00C04F79EFBC}") = "AuthenticationService.DAL", "AuthenticationService.DAL\AuthenticationService.DAL.csproj", "{E637EE32-8272-4651-9356-3DF11D9903D3}"
EndProject
Project("{2150E333-8FDC-42A3-9474-1A3956D46DE8}") = "DocumentService", "DocumentService", "{BD2934EB-8F16-495C-9E2E-3E13BD2D8C20}"
EndProject
Project("{FAE04EC0-301F-11D3-BF4B-00C04F79EFBC}") = "DocumentService.API", "DocumentService.API\DocumentService.API.csproj", "{B9C8EA5E-5A6B-46E1-8F79-CE19B032067C}"
EndProject
Project("{FAE04EC0-301F-11D3-BF4B-00C04F79EFBC}") = "DocumentService.BBL", "DocumentService.BBL\DocumentService.BBL.csproj", "{2779A862-8EF9-47DF-B655-FF7BC34F1D8B}"
EndProject
Project("{FAE04EC0-301F-11D3-BF4B-00C04F79EFBC}") = "DocumentService.DAL", "DocumentService.DAL\DocumentService.DAL.csproj", "{299DF9C5-ABEC-40ED-8E7E-E2212CCAA809}"
EndProject
Global
	GlobalSection(SolutionConfigurationPlatforms) = preSolution
		Debug|Any CPU = Debug|Any CPU
		Release|Any CPU = Release|Any CPU
	EndGlobalSection
	GlobalSection(ProjectConfigurationPlatforms) = postSolution
		{F59D13F2-B445-4A10-8D77-5B83240C4E17}.Debug|Any CPU.ActiveCfg = Debug|Any CPU
		{F59D13F2-B445-4A10-8D77-5B83240C4E17}.Debug|Any CPU.Build.0 = Debug|Any CPU
		{F59D13F2-B445-4A10-8D77-5B83240C4E17}.Release|Any CPU.ActiveCfg = Release|Any CPU
		{F59D13F2-B445-4A10-8D77-5B83240C4E17}.Release|Any CPU.Build.0 = Release|Any CPU
		{8397001E-19BB-4E2C-8934-0414C543DCFD}.Debug|Any CPU.ActiveCfg = Debug|Any CPU
		{8397001E-19BB-4E2C-8934-0414C543DCFD}.Debug|Any CPU.Build.0 = Debug|Any CPU
		{8397001E-19BB-4E2C-8934-0414C543DCFD}.Release|Any CPU.ActiveCfg = Release|Any CPU
		{8397001E-19BB-4E2C-8934-0414C543DCFD}.Release|Any CPU.Build.0 = Release|Any CPU
		{51BFA906-72F2-465F-BF8C-9DA314080994}.Debug|Any CPU.ActiveCfg = Debug|Any CPU
		{51BFA906-72F2-465F-BF8C-9DA314080994}.Debug|Any CPU.Build.0 = Debug|Any CPU
		{51BFA906-72F2-465F-BF8C-9DA314080994}.Release|Any CPU.ActiveCfg = Release|Any CPU
		{51BFA906-72F2-465F-BF8C-9DA314080994}.Release|Any CPU.Build.0 = Release|Any CPU
		{FE121AE6-680F-4C07-AEF6-2204924AEE2E}.Debug|Any CPU.ActiveCfg = Debug|Any CPU
		{FE121AE6-680F-4C07-AEF6-2204924AEE2E}.Debug|Any CPU.Build.0 = Debug|Any CPU
		{FE121AE6-680F-4C07-AEF6-2204924AEE2E}.Release|Any CPU.ActiveCfg = Release|Any CPU
		{FE121AE6-680F-4C07-AEF6-2204924AEE2E}.Release|Any CPU.Build.0 = Release|Any CPU
		{20DD9C30-436E-4E8B-80FA-052D1D9C911C}.Debug|Any CPU.ActiveCfg = Debug|Any CPU
		{20DD9C30-436E-4E8B-80FA-052D1D9C911C}.Debug|Any CPU.Build.0 = Debug|Any CPU
		{20DD9C30-436E-4E8B-80FA-052D1D9C911C}.Release|Any CPU.ActiveCfg = Release|Any CPU
		{20DD9C30-436E-4E8B-80FA-052D1D9C911C}.Release|Any CPU.Build.0 = Release|Any CPU
		{0F6610E1-E4B4-4187-B86C-DE19780B5BD4}.Debug|Any CPU.ActiveCfg = Debug|Any CPU
		{0F6610E1-E4B4-4187-B86C-DE19780B5BD4}.Debug|Any CPU.Build.0 = Debug|Any CPU
		{0F6610E1-E4B4-4187-B86C-DE19780B5BD4}.Release|Any CPU.ActiveCfg = Release|Any CPU
		{0F6610E1-E4B4-4187-B86C-DE19780B5BD4}.Release|Any CPU.Build.0 = Release|Any CPU
		{D7DB54CD-1295-4FF4-9673-E08DBA606167}.Debug|Any CPU.ActiveCfg = Debug|Any CPU
		{D7DB54CD-1295-4FF4-9673-E08DBA606167}.Debug|Any CPU.Build.0 = Debug|Any CPU
		{D7DB54CD-1295-4FF4-9673-E08DBA606167}.Release|Any CPU.ActiveCfg = Release|Any CPU
		{D7DB54CD-1295-4FF4-9673-E08DBA606167}.Release|Any CPU.Build.0 = Release|Any CPU
		{42E0FD09-9800-4727-8DBA-778C8A64A955}.Debug|Any CPU.ActiveCfg = Debug|Any CPU
		{42E0FD09-9800-4727-8DBA-778C8A64A955}.Debug|Any CPU.Build.0 = Debug|Any CPU
		{42E0FD09-9800-4727-8DBA-778C8A64A955}.Release|Any CPU.ActiveCfg = Release|Any CPU
		{42E0FD09-9800-4727-8DBA-778C8A64A955}.Release|Any CPU.Build.0 = Release|Any CPU
		{0E1953C3-A281-4354-8BA5-BD38810DE002}.Debug|Any CPU.ActiveCfg = Debug|Any CPU
		{0E1953C3-A281-4354-8BA5-BD38810DE002}.Debug|Any CPU.Build.0 = Debug|Any CPU
		{0E1953C3-A281-4354-8BA5-BD38810DE002}.Release|Any CPU.ActiveCfg = Release|Any CPU
		{0E1953C3-A281-4354-8BA5-BD38810DE002}.Release|Any CPU.Build.0 = Release|Any CPU
		{CF8BBBAD-C619-4E15-B8AE-11C523022087}.Debug|Any CPU.ActiveCfg = Debug|Any CPU
		{CF8BBBAD-C619-4E15-B8AE-11C523022087}.Debug|Any CPU.Build.0 = Debug|Any CPU
		{CF8BBBAD-C619-4E15-B8AE-11C523022087}.Release|Any CPU.ActiveCfg = Release|Any CPU
		{CF8BBBAD-C619-4E15-B8AE-11C523022087}.Release|Any CPU.Build.0 = Release|Any CPU
		{E637EE32-8272-4651-9356-3DF11D9903D3}.Debug|Any CPU.ActiveCfg = Debug|Any CPU
		{E637EE32-8272-4651-9356-3DF11D9903D3}.Debug|Any CPU.Build.0 = Debug|Any CPU
		{E637EE32-8272-4651-9356-3DF11D9903D3}.Release|Any CPU.ActiveCfg = Release|Any CPU
		{E637EE32-8272-4651-9356-3DF11D9903D3}.Release|Any CPU.Build.0 = Release|Any CPU
		{B9C8EA5E-5A6B-46E1-8F79-CE19B032067C}.Debug|Any CPU.ActiveCfg = Debug|Any CPU
		{B9C8EA5E-5A6B-46E1-8F79-CE19B032067C}.Debug|Any CPU.Build.0 = Debug|Any CPU
		{B9C8EA5E-5A6B-46E1-8F79-CE19B032067C}.Release|Any CPU.ActiveCfg = Release|Any CPU
		{B9C8EA5E-5A6B-46E1-8F79-CE19B032067C}.Release|Any CPU.Build.0 = Release|Any CPU
		{2779A862-8EF9-47DF-B655-FF7BC34F1D8B}.Debug|Any CPU.ActiveCfg = Debug|Any CPU
		{2779A862-8EF9-47DF-B655-FF7BC34F1D8B}.Debug|Any CPU.Build.0 = Debug|Any CPU
		{2779A862-8EF9-47DF-B655-FF7BC34F1D8B}.Release|Any CPU.ActiveCfg = Release|Any CPU
		{2779A862-8EF9-47DF-B655-FF7BC34F1D8B}.Release|Any CPU.Build.0 = Release|Any CPU
		{299DF9C5-ABEC-40ED-8E7E-E2212CCAA809}.Debug|Any CPU.ActiveCfg = Debug|Any CPU
		{299DF9C5-ABEC-40ED-8E7E-E2212CCAA809}.Debug|Any CPU.Build.0 = Debug|Any CPU
		{299DF9C5-ABEC-40ED-8E7E-E2212CCAA809}.Release|Any CPU.ActiveCfg = Release|Any CPU
		{299DF9C5-ABEC-40ED-8E7E-E2212CCAA809}.Release|Any CPU.Build.0 = Release|Any CPU
	EndGlobalSection
	GlobalSection(SolutionProperties) = preSolution
		HideSolutionNode = FALSE
	EndGlobalSection
	GlobalSection(NestedProjects) = preSolution
		{FE121AE6-680F-4C07-AEF6-2204924AEE2E} = {B6100F0B-A70F-4965-82C4-8DDDB5172052}
		{20DD9C30-436E-4E8B-80FA-052D1D9C911C} = {2C25DBB6-4925-4599-93DF-9F841885DDFA}
		{0F6610E1-E4B4-4187-B86C-DE19780B5BD4} = {2C25DBB6-4925-4599-93DF-9F841885DDFA}
		{D7DB54CD-1295-4FF4-9673-E08DBA606167} = {2C25DBB6-4925-4599-93DF-9F841885DDFA}
		{0E1953C3-A281-4354-8BA5-BD38810DE002} = {2A0FA5A0-2024-45B9-BC9C-34431911E208}
		{CF8BBBAD-C619-4E15-B8AE-11C523022087} = {2A0FA5A0-2024-45B9-BC9C-34431911E208}
		{E637EE32-8272-4651-9356-3DF11D9903D3} = {2A0FA5A0-2024-45B9-BC9C-34431911E208}
		{B9C8EA5E-5A6B-46E1-8F79-CE19B032067C} = {BD2934EB-8F16-495C-9E2E-3E13BD2D8C20}
		{2779A862-8EF9-47DF-B655-FF7BC34F1D8B} = {BD2934EB-8F16-495C-9E2E-3E13BD2D8C20}
		{299DF9C5-ABEC-40ED-8E7E-E2212CCAA809} = {BD2934EB-8F16-495C-9E2E-3E13BD2D8C20}
	EndGlobalSection
EndGlobal
